
Microsoft Visual Studio Solution File, Format Version 12.00
# Visual Studio Version 17
VisualStudioVersion = 17.8.34316.72
MinimumVisualStudioVersion = 10.0.40219.1
Project("{FAE04EC0-301F-11D3-BF4B-00C04F79EFBC}") = "QuestConverter014", "QuestConverter014.csproj", "{FBDCDBF6-024A-43E6-9BAB-0A8B90672DF1}"
EndProject
Global
	GlobalSection(SolutionConfigurationPlatforms) = preSolution
		Debug|Any CPU = Debug|Any CPU
		Release|Any CPU = Release|Any CPU
	EndGlobalSection
	GlobalSection(ProjectConfigurationPlatforms) = postSolution
		{FBDCDBF6-024A-43E6-9BAB-0A8B90672DF1}.Debug|Any CPU.ActiveCfg = Debug|Any CPU
		{FBDCDBF6-024A-43E6-9BAB-0A8B90672DF1}.Debug|Any CPU.Build.0 = Debug|Any CPU
		{FBDCDBF6-024A-43E6-9BAB-0A8B90672DF1}.Release|Any CPU.ActiveCfg = Release|Any CPU
		{FBDCDBF6-024A-43E6-9BAB-0A8B90672DF1}.Release|Any CPU.Build.0 = Release|Any CPU
	EndGlobalSection
	GlobalSection(SolutionProperties) = preSolution
		HideSolutionNode = FALSE
	EndGlobalSection
	GlobalSection(ExtensibilityGlobals) = postSolution
		SolutionGuid = {7B7C4A7B-0632-4B69-B917-959ACA3726F7}
	EndGlobalSection
EndGlobal
